// !$*UTF8*$!
{
	archiveVersion = 1;
	classes = {
	};
	objectVersion = 53;
	objects = {

/* Begin PBXBuildFile section */
		9D79D98A24B680FE00F51EDC /* AppDelegate.swift in Sources */ = {isa = PBXBuildFile; fileRef = 9D79D98924B680FE00F51EDC /* AppDelegate.swift */; };
		9D79D98E24B680FE00F51EDC /* ContentView.swift in Sources */ = {isa = PBXBuildFile; fileRef = 9D79D98D24B680FE00F51EDC /* ContentView.swift */; };
		9D79D99024B6810000F51EDC /* Assets.xcassets in Resources */ = {isa = PBXBuildFile; fileRef = 9D79D98F24B6810000F51EDC /* Assets.xcassets */; };
		9D79D99324B6810000F51EDC /* Preview Assets.xcassets in Resources */ = {isa = PBXBuildFile; fileRef = 9D79D99224B6810000F51EDC /* Preview Assets.xcassets */; };
		9D79D99624B6810000F51EDC /* LaunchScreen.storyboard in Resources */ = {isa = PBXBuildFile; fileRef = 9D79D99424B6810000F51EDC /* LaunchScreen.storyboard */; };
		9D84BD6824BB661100E38999 /* LandmarkData.swift in Sources */ = {isa = PBXBuildFile; fileRef = 9D84BD6724BB661100E38999 /* LandmarkData.swift */; };
		9D87687324C1912800DC06ED /* main.swift in Sources */ = {isa = PBXBuildFile; fileRef = 9D87687224C1912800DC06ED /* main.swift */; };
		9D87687824C4531A00DC06ED /* UserData.swift in Sources */ = {isa = PBXBuildFile; fileRef = 9D87687724C4531A00DC06ED /* UserData.swift */; };
		9D87687B24C47F9300DC06ED /* autoGenIcons.py in Resources */ = {isa = PBXBuildFile; fileRef = 9D87687924C47F9200DC06ED /* autoGenIcons.py */; };
		9D87687C24C47F9300DC06ED /* Avatar100K.jpg in Resources */ = {isa = PBXBuildFile; fileRef = 9D87687A24C47F9300DC06ED /* Avatar100K.jpg */; };
		9D894BE424C51E68001A8D05 /* BadgeBackground.swift in Sources */ = {isa = PBXBuildFile; fileRef = 9D894BE324C51E68001A8D05 /* BadgeBackground.swift */; };
		9D894BE624C520DC001A8D05 /* HexagonParameters.swift in Sources */ = {isa = PBXBuildFile; fileRef = 9D894BE524C520DC001A8D05 /* HexagonParameters.swift */; };
		9D95809324C742F400AFADE4 /* Badge.swift in Sources */ = {isa = PBXBuildFile; fileRef = 9D95809224C742F400AFADE4 /* Badge.swift */; };
		9D95809524C7431C00AFADE4 /* BadgeSymbol.swift in Sources */ = {isa = PBXBuildFile; fileRef = 9D95809424C7431C00AFADE4 /* BadgeSymbol.swift */; };
		9D95809724C7533700AFADE4 /* RotatedBadgeSymbol.swift in Sources */ = {isa = PBXBuildFile; fileRef = 9D95809624C7533700AFADE4 /* RotatedBadgeSymbol.swift */; };
		9DA81EBD24B740A7004CAC11 /* CircleImage.swift in Sources */ = {isa = PBXBuildFile; fileRef = 9DA81EBC24B740A7004CAC11 /* CircleImage.swift */; };
		9DB4A18424B7E419007F81BD /* Landmark.swift in Sources */ = {isa = PBXBuildFile; fileRef = 9DB4A18324B7E419007F81BD /* Landmark.swift */; };
		9DB4A18824B7FAB6007F81BD /* landmarkData.json in Resources */ = {isa = PBXBuildFile; fileRef = 9DB4A18724B7FAB6007F81BD /* landmarkData.json */; };
		9DB4A19024B82D70007F81BD /* LandmarkRow.swift in Sources */ = {isa = PBXBuildFile; fileRef = 9DB4A18F24B82D70007F81BD /* LandmarkRow.swift */; };
		9DB4A19424B86CE8007F81BD /* Model in Resources */ = {isa = PBXBuildFile; fileRef = 9DB4A19324B86CE8007F81BD /* Model */; };
		9DB4A19624B86D3B007F81BD /* LandmarkList.swift in Sources */ = {isa = PBXBuildFile; fileRef = 9DB4A19524B86D3B007F81BD /* LandmarkList.swift */; };
		9DB4A19824B8893C007F81BD /* LandmarkDetail.swift in Sources */ = {isa = PBXBuildFile; fileRef = 9DB4A19724B8893C007F81BD /* LandmarkDetail.swift */; };
		9DB4A19E24B8A28B007F81BD /* SceneDelegate.swift in Sources */ = {isa = PBXBuildFile; fileRef = 9DB4A19D24B8A28B007F81BD /* SceneDelegate.swift */; };
		9DBC1BA024BB6659009EC7B3 /* MapView.swift in Sources */ = {isa = PBXBuildFile; fileRef = 9DBC1B9F24BB6659009EC7B3 /* MapView.swift */; };
		9DC8386924C0B19000400999 /* HealthKit.framework in Frameworks */ = {isa = PBXBuildFile; fileRef = 9DC8386824C0B19000400999 /* HealthKit.framework */; };
/* End PBXBuildFile section */

/* Begin PBXFileReference section */
		9D79D98624B680FE00F51EDC /* SinglePhoto.app */ = {isa = PBXFileReference; explicitFileType = wrapper.application; includeInIndex = 0; path = SinglePhoto.app; sourceTree = BUILT_PRODUCTS_DIR; };
		9D79D98924B680FE00F51EDC /* AppDelegate.swift */ = {isa = PBXFileReference; lastKnownFileType = sourcecode.swift; path = AppDelegate.swift; sourceTree = "<group>"; };
		9D79D98D24B680FE00F51EDC /* ContentView.swift */ = {isa = PBXFileReference; lastKnownFileType = sourcecode.swift; path = ContentView.swift; sourceTree = "<group>"; };
		9D79D98F24B6810000F51EDC /* Assets.xcassets */ = {isa = PBXFileReference; lastKnownFileType = folder.assetcatalog; name = Assets.xcassets; path = /Users/abaelhe/workspace/APPLE/SinglePhoto/SinglePhoto/Assets.xcassets; sourceTree = "<absolute>"; };
		9D79D99224B6810000F51EDC /* Preview Assets.xcassets */ = {isa = PBXFileReference; lastKnownFileType = folder.assetcatalog; path = "Preview Assets.xcassets"; sourceTree = "<group>"; };
		9D79D99524B6810000F51EDC /* Base */ = {isa = PBXFileReference; lastKnownFileType = file.storyboard; name = Base; path = Base.lproj/LaunchScreen.storyboard; sourceTree = "<group>"; };
		9D79D99724B6810000F51EDC /* Info.plist */ = {isa = PBXFileReference; lastKnownFileType = text.plist.xml; path = Info.plist; sourceTree = "<group>"; };
		9D84BD6124BB634700E38999 /* SinglePhoto.entitlements */ = {isa = PBXFileReference; lastKnownFileType = text.plist.entitlements; path = SinglePhoto.entitlements; sourceTree = "<group>"; };
		9D84BD6724BB661100E38999 /* LandmarkData.swift */ = {isa = PBXFileReference; lastKnownFileType = sourcecode.swift; path = LandmarkData.swift; sourceTree = "<group>"; };
		9D87687224C1912800DC06ED /* main.swift */ = {isa = PBXFileReference; lastKnownFileType = sourcecode.swift; path = main.swift; sourceTree = "<group>"; xcLanguageSpecificationIdentifier = xcode.lang.swift; };
		9D87687724C4531A00DC06ED /* UserData.swift */ = {isa = PBXFileReference; lastKnownFileType = sourcecode.swift; path = UserData.swift; sourceTree = "<group>"; };
		9D87687924C47F9200DC06ED /* autoGenIcons.py */ = {isa = PBXFileReference; fileEncoding = 4; lastKnownFileType = text.script.python; path = autoGenIcons.py; sourceTree = "<group>"; };
		9D87687A24C47F9300DC06ED /* Avatar100K.jpg */ = {isa = PBXFileReference; lastKnownFileType = image.jpeg; path = Avatar100K.jpg; sourceTree = "<group>"; };
		9D894BE324C51E68001A8D05 /* BadgeBackground.swift */ = {isa = PBXFileReference; lastKnownFileType = sourcecode.swift; path = BadgeBackground.swift; sourceTree = "<group>"; };
		9D894BE524C520DC001A8D05 /* HexagonParameters.swift */ = {isa = PBXFileReference; lastKnownFileType = sourcecode.swift; path = HexagonParameters.swift; sourceTree = "<group>"; };
		9D95809224C742F400AFADE4 /* Badge.swift */ = {isa = PBXFileReference; lastKnownFileType = sourcecode.swift; path = Badge.swift; sourceTree = "<group>"; };
		9D95809424C7431C00AFADE4 /* BadgeSymbol.swift */ = {isa = PBXFileReference; lastKnownFileType = sourcecode.swift; path = BadgeSymbol.swift; sourceTree = "<group>"; };
		9D95809624C7533700AFADE4 /* RotatedBadgeSymbol.swift */ = {isa = PBXFileReference; lastKnownFileType = sourcecode.swift; name = RotatedBadgeSymbol.swift; path = ../RotatedBadgeSymbol.swift; sourceTree = "<group>"; };
		9DA81EBC24B740A7004CAC11 /* CircleImage.swift */ = {isa = PBXFileReference; lastKnownFileType = sourcecode.swift; path = CircleImage.swift; sourceTree = "<group>"; };
		9DB4A18324B7E419007F81BD /* Landmark.swift */ = {isa = PBXFileReference; lastKnownFileType = sourcecode.swift; name = Landmark.swift; path = Model/Landmark.swift; sourceTree = "<group>"; };
		9DB4A18724B7FAB6007F81BD /* landmarkData.json */ = {isa = PBXFileReference; fileEncoding = 4; lastKnownFileType = text.json; name = landmarkData.json; path = SinglePhoto/landmarkData.json; sourceTree = "<group>"; };
		9DB4A18F24B82D70007F81BD /* LandmarkRow.swift */ = {isa = PBXFileReference; lastKnownFileType = sourcecode.swift; path = LandmarkRow.swift; sourceTree = "<group>"; };
		9DB4A19324B86CE8007F81BD /* Model */ = {isa = PBXFileReference; lastKnownFileType = folder; path = Model; sourceTree = "<group>"; };
		9DB4A19524B86D3B007F81BD /* LandmarkList.swift */ = {isa = PBXFileReference; lastKnownFileType = sourcecode.swift; path = LandmarkList.swift; sourceTree = "<group>"; };
		9DB4A19724B8893C007F81BD /* LandmarkDetail.swift */ = {isa = PBXFileReference; lastKnownFileType = sourcecode.swift; name = LandmarkDetail.swift; path = Model/LandmarkDetail.swift; sourceTree = "<group>"; };
		9DB4A19D24B8A28B007F81BD /* SceneDelegate.swift */ = {isa = PBXFileReference; lastKnownFileType = sourcecode.swift; name = SceneDelegate.swift; path = Model/SceneDelegate.swift; sourceTree = "<group>"; };
		9DBC1B9F24BB6659009EC7B3 /* MapView.swift */ = {isa = PBXFileReference; lastKnownFileType = sourcecode.swift; path = MapView.swift; sourceTree = "<group>"; };
		9DC8386624C0B14B00400999 /* SinglePhotoRelease.entitlements */ = {isa = PBXFileReference; lastKnownFileType = text.plist.entitlements; path = SinglePhotoRelease.entitlements; sourceTree = "<group>"; };
		9DC8386824C0B19000400999 /* HealthKit.framework */ = {isa = PBXFileReference; lastKnownFileType = wrapper.framework; name = HealthKit.framework; path = System/Library/Frameworks/HealthKit.framework; sourceTree = SDKROOT; };
/* End PBXFileReference section */

/* Begin PBXFrameworksBuildPhase section */
		9D79D98324B680FE00F51EDC /* Frameworks */ = {
			isa = PBXFrameworksBuildPhase;
			buildActionMask = 2147483647;
			files = (
				9DC8386924C0B19000400999 /* HealthKit.framework in Frameworks */,
			);
			runOnlyForDeploymentPostprocessing = 0;
		};
/* End PBXFrameworksBuildPhase section */

/* Begin PBXGroup section */
		9D79D97D24B680FE00F51EDC = {
			isa = PBXGroup;
			children = (
				9D87687924C47F9200DC06ED /* autoGenIcons.py */,
				9D87687A24C47F9300DC06ED /* Avatar100K.jpg */,
				9DB4A18724B7FAB6007F81BD /* landmarkData.json */,
				9D79D98824B680FE00F51EDC /* SinglePhoto */,
				9D79D98724B680FE00F51EDC /* Products */,
				9DC8386724C0B19000400999 /* Frameworks */,
			);
			sourceTree = "<group>";
		};
		9D79D98724B680FE00F51EDC /* Products */ = {
			isa = PBXGroup;
			children = (
				9D79D98624B680FE00F51EDC /* SinglePhoto.app */,
			);
			name = Products;
			sourceTree = "<group>";
		};
		9D79D98824B680FE00F51EDC /* SinglePhoto */ = {
			isa = PBXGroup;
			children = (
				9DC8386624C0B14B00400999 /* SinglePhotoRelease.entitlements */,
				9D84BD6124BB634700E38999 /* SinglePhoto.entitlements */,
				9D79D98924B680FE00F51EDC /* AppDelegate.swift */,
				9D87687224C1912800DC06ED /* main.swift */,
				9D79D98D24B680FE00F51EDC /* ContentView.swift */,
				9D79D98F24B6810000F51EDC /* Assets.xcassets */,
				9D79D99424B6810000F51EDC /* LaunchScreen.storyboard */,
				9D79D99724B6810000F51EDC /* Info.plist */,
				9D79D99124B6810000F51EDC /* Preview Content */,
				9DB4A19324B86CE8007F81BD /* Model */,
				9DBC1B9F24BB6659009EC7B3 /* MapView.swift */,
				9DA81EBC24B740A7004CAC11 /* CircleImage.swift */,
				9DB4A18F24B82D70007F81BD /* LandmarkRow.swift */,
				9DB4A19524B86D3B007F81BD /* LandmarkList.swift */,
				9D95809624C7533700AFADE4 /* RotatedBadgeSymbol.swift */,
				9D894BE324C51E68001A8D05 /* BadgeBackground.swift */,
				9D95809224C742F400AFADE4 /* Badge.swift */,
				9D95809424C7431C00AFADE4 /* BadgeSymbol.swift */,
				9D894BE524C520DC001A8D05 /* HexagonParameters.swift */,
				9D84BD6724BB661100E38999 /* LandmarkData.swift */,
				9DB4A19724B8893C007F81BD /* LandmarkDetail.swift */,
				9DB4A18324B7E419007F81BD /* Landmark.swift */,
				9D87687724C4531A00DC06ED /* UserData.swift */,
				9DB4A19D24B8A28B007F81BD /* SceneDelegate.swift */,
			);
			path = SinglePhoto;
			sourceTree = "<group>";
		};
		9D79D99124B6810000F51EDC /* Preview Content */ = {
			isa = PBXGroup;
			children = (
				9D79D99224B6810000F51EDC /* Preview Assets.xcassets */,
			);
			path = "Preview Content";
			sourceTree = "<group>";
		};
		9DC8386724C0B19000400999 /* Frameworks */ = {
			isa = PBXGroup;
			children = (
				9DC8386824C0B19000400999 /* HealthKit.framework */,
			);
			name = Frameworks;
			sourceTree = "<group>";
		};
/* End PBXGroup section */

/* Begin PBXNativeTarget section */
		9D79D98524B680FE00F51EDC /* SinglePhoto */ = {
			isa = PBXNativeTarget;
			buildConfigurationList = 9D79D99A24B6810000F51EDC /* Build configuration list for PBXNativeTarget "SinglePhoto" */;
			buildPhases = (
				9D79D98224B680FE00F51EDC /* Sources */,
				9D79D98324B680FE00F51EDC /* Frameworks */,
				9D79D98424B680FE00F51EDC /* Resources */,
			);
			buildRules = (
			);
			dependencies = (
			);
			name = SinglePhoto;
			productName = SinglePhoto;
			productReference = 9D79D98624B680FE00F51EDC /* SinglePhoto.app */;
			productType = "com.apple.product-type.application";
		};
/* End PBXNativeTarget section */

/* Begin PBXProject section */
		9D79D97E24B680FE00F51EDC /* Project object */ = {
			isa = PBXProject;
			attributes = {
				BuildIndependentTargetsInParallel = YES;
				KnownAssetTags = (
					1.1.1,
				);
				LastSwiftUpdateCheck = 1150;
				LastUpgradeCheck = 1150;
				ORGANIZATIONNAME = "Abael He";
				TargetAttributes = {
					9D79D98524B680FE00F51EDC = {
						CreatedOnToolsVersion = 11.5;
					};
				};
			};
			buildConfigurationList = 9D79D98124B680FE00F51EDC /* Build configuration list for PBXProject "SinglePhoto" */;
			compatibilityVersion = "Xcode 9.3";
			developmentRegion = en;
			hasScannedForEncodings = 0;
			knownRegions = (
				en,
				Base,
			);
			mainGroup = 9D79D97D24B680FE00F51EDC;
			productRefGroup = 9D79D98724B680FE00F51EDC /* Products */;
			projectDirPath = "";
			projectRoot = "";
			targets = (
				9D79D98524B680FE00F51EDC /* SinglePhoto */,
			);
		};
/* End PBXProject section */

/* Begin PBXResourcesBuildPhase section */
		9D79D98424B680FE00F51EDC /* Resources */ = {
			isa = PBXResourcesBuildPhase;
			buildActionMask = 2147483647;
			files = (
				9DB4A19424B86CE8007F81BD /* Model in Resources */,
				9D87687B24C47F9300DC06ED /* autoGenIcons.py in Resources */,
				9D79D99624B6810000F51EDC /* LaunchScreen.storyboard in Resources */,
				9D87687C24C47F9300DC06ED /* Avatar100K.jpg in Resources */,
				9DB4A18824B7FAB6007F81BD /* landmarkData.json in Resources */,
				9D79D99324B6810000F51EDC /* Preview Assets.xcassets in Resources */,
				9D79D99024B6810000F51EDC /* Assets.xcassets in Resources */,
			);
			runOnlyForDeploymentPostprocessing = 0;
		};
/* End PBXResourcesBuildPhase section */

/* Begin PBXSourcesBuildPhase section */
		9D79D98224B680FE00F51EDC /* Sources */ = {
			isa = PBXSourcesBuildPhase;
			buildActionMask = 2147483647;
			files = (
				9D894BE624C520DC001A8D05 /* HexagonParameters.swift in Sources */,
				9D95809324C742F400AFADE4 /* Badge.swift in Sources */,
				9D84BD6824BB661100E38999 /* LandmarkData.swift in Sources */,
				9D79D98A24B680FE00F51EDC /* AppDelegate.swift in Sources */,
				9DA81EBD24B740A7004CAC11 /* CircleImage.swift in Sources */,
				9D95809724C7533700AFADE4 /* RotatedBadgeSymbol.swift in Sources */,
				9D95809524C7431C00AFADE4 /* BadgeSymbol.swift in Sources */,
				9DB4A19624B86D3B007F81BD /* LandmarkList.swift in Sources */,
				9D79D98E24B680FE00F51EDC /* ContentView.swift in Sources */,
				9DB4A19E24B8A28B007F81BD /* SceneDelegate.swift in Sources */,
				9D87687824C4531A00DC06ED /* UserData.swift in Sources */,
				9DB4A19024B82D70007F81BD /* LandmarkRow.swift in Sources */,
				9D87687324C1912800DC06ED /* main.swift in Sources */,
				9DBC1BA024BB6659009EC7B3 /* MapView.swift in Sources */,
				9DB4A19824B8893C007F81BD /* LandmarkDetail.swift in Sources */,
				9D894BE424C51E68001A8D05 /* BadgeBackground.swift in Sources */,
				9DB4A18424B7E419007F81BD /* Landmark.swift in Sources */,
			);
			runOnlyForDeploymentPostprocessing = 0;
		};
/* End PBXSourcesBuildPhase section */

/* Begin PBXVariantGroup section */
		9D79D99424B6810000F51EDC /* LaunchScreen.storyboard */ = {
			isa = PBXVariantGroup;
			children = (
				9D79D99524B6810000F51EDC /* Base */,
			);
			name = LaunchScreen.storyboard;
			sourceTree = "<group>";
		};
/* End PBXVariantGroup section */

/* Begin XCBuildConfiguration section */
		9D79D99824B6810000F51EDC /* Debug */ = {
			isa = XCBuildConfiguration;
			buildSettings = {
				ALWAYS_SEARCH_USER_PATHS = NO;
				CLANG_ANALYZER_NONNULL = YES;
				CLANG_ANALYZER_NUMBER_OBJECT_CONVERSION = YES_AGGRESSIVE;
				CLANG_CXX_LANGUAGE_STANDARD = "gnu++14";
				CLANG_CXX_LIBRARY = "libc++";
				CLANG_ENABLE_MODULES = YES;
				CLANG_ENABLE_OBJC_ARC = YES;
				CLANG_ENABLE_OBJC_WEAK = YES;
				CLANG_WARN_BLOCK_CAPTURE_AUTORELEASING = YES;
				CLANG_WARN_BOOL_CONVERSION = YES;
				CLANG_WARN_COMMA = YES;
				CLANG_WARN_CONSTANT_CONVERSION = YES;
				CLANG_WARN_DEPRECATED_OBJC_IMPLEMENTATIONS = YES;
				CLANG_WARN_DIRECT_OBJC_ISA_USAGE = YES_ERROR;
				CLANG_WARN_DOCUMENTATION_COMMENTS = YES;
				CLANG_WARN_EMPTY_BODY = YES;
				CLANG_WARN_ENUM_CONVERSION = YES;
				CLANG_WARN_INFINITE_RECURSION = YES;
				CLANG_WARN_INT_CONVERSION = YES;
				CLANG_WARN_NON_LITERAL_NULL_CONVERSION = YES;
				CLANG_WARN_OBJC_IMPLICIT_RETAIN_SELF = YES;
				CLANG_WARN_OBJC_LITERAL_CONVERSION = YES;
				CLANG_WARN_OBJC_ROOT_CLASS = YES_ERROR;
				CLANG_WARN_RANGE_LOOP_ANALYSIS = YES;
				CLANG_WARN_STRICT_PROTOTYPES = YES;
				CLANG_WARN_SUSPICIOUS_MOVE = YES;
				CLANG_WARN_UNGUARDED_AVAILABILITY = YES_AGGRESSIVE;
				CLANG_WARN_UNREACHABLE_CODE = YES;
				CLANG_WARN__DUPLICATE_METHOD_MATCH = YES;
				COPY_PHASE_STRIP = NO;
				DEBUG_INFORMATION_FORMAT = dwarf;
				ENABLE_PREVIEWS = YES;
				ENABLE_STRICT_OBJC_MSGSEND = YES;
				ENABLE_TESTABILITY = YES;
				GCC_C_LANGUAGE_STANDARD = gnu11;
				GCC_DYNAMIC_NO_PIC = NO;
				GCC_NO_COMMON_BLOCKS = YES;
				GCC_OPTIMIZATION_LEVEL = 0;
				GCC_PREPROCESSOR_DEFINITIONS = (
					"DEBUG=1",
					"$(inherited)",
				);
				GCC_WARN_64_TO_32_BIT_CONVERSION = YES;
				GCC_WARN_ABOUT_RETURN_TYPE = YES_ERROR;
				GCC_WARN_UNDECLARED_SELECTOR = YES;
				GCC_WARN_UNINITIALIZED_AUTOS = YES_AGGRESSIVE;
				GCC_WARN_UNUSED_FUNCTION = YES;
				GCC_WARN_UNUSED_VARIABLE = YES;
				IPHONEOS_DEPLOYMENT_TARGET = 13.4;
				MTL_ENABLE_DEBUG_INFO = INCLUDE_SOURCE;
				MTL_FAST_MATH = YES;
				ONLY_ACTIVE_ARCH = YES;
				SDKROOT = iphoneos;
				SWIFT_ACTIVE_COMPILATION_CONDITIONS = DEBUG;
				SWIFT_OPTIMIZATION_LEVEL = "-Onone";
			};
			name = Debug;
		};
		9D79D99924B6810000F51EDC /* Release */ = {
			isa = XCBuildConfiguration;
			buildSettings = {
				ALWAYS_SEARCH_USER_PATHS = NO;
				CLANG_ANALYZER_NONNULL = YES;
				CLANG_ANALYZER_NUMBER_OBJECT_CONVERSION = YES_AGGRESSIVE;
				CLANG_CXX_LANGUAGE_STANDARD = "gnu++14";
				CLANG_CXX_LIBRARY = "libc++";
				CLANG_ENABLE_MODULES = YES;
				CLANG_ENABLE_OBJC_ARC = YES;
				CLANG_ENABLE_OBJC_WEAK = YES;
				CLANG_WARN_BLOCK_CAPTURE_AUTORELEASING = YES;
				CLANG_WARN_BOOL_CONVERSION = YES;
				CLANG_WARN_COMMA = YES;
				CLANG_WARN_CONSTANT_CONVERSION = YES;
				CLANG_WARN_DEPRECATED_OBJC_IMPLEMENTATIONS = YES;
				CLANG_WARN_DIRECT_OBJC_ISA_USAGE = YES_ERROR;
				CLANG_WARN_DOCUMENTATION_COMMENTS = YES;
				CLANG_WARN_EMPTY_BODY = YES;
				CLANG_WARN_ENUM_CONVERSION = YES;
				CLANG_WARN_INFINITE_RECURSION = YES;
				CLANG_WARN_INT_CONVERSION = YES;
				CLANG_WARN_NON_LITERAL_NULL_CONVERSION = YES;
				CLANG_WARN_OBJC_IMPLICIT_RETAIN_SELF = YES;
				CLANG_WARN_OBJC_LITERAL_CONVERSION = YES;
				CLANG_WARN_OBJC_ROOT_CLASS = YES_ERROR;
				CLANG_WARN_RANGE_LOOP_ANALYSIS = YES;
				CLANG_WARN_STRICT_PROTOTYPES = YES;
				CLANG_WARN_SUSPICIOUS_MOVE = YES;
				CLANG_WARN_UNGUARDED_AVAILABILITY = YES_AGGRESSIVE;
				CLANG_WARN_UNREACHABLE_CODE = YES;
				CLANG_WARN__DUPLICATE_METHOD_MATCH = YES;
				COPY_PHASE_STRIP = NO;
				DEBUG_INFORMATION_FORMAT = "dwarf-with-dsym";
				ENABLE_NS_ASSERTIONS = NO;
				ENABLE_PREVIEWS = YES;
				ENABLE_STRICT_OBJC_MSGSEND = YES;
				GCC_C_LANGUAGE_STANDARD = gnu11;
				GCC_NO_COMMON_BLOCKS = YES;
				GCC_WARN_64_TO_32_BIT_CONVERSION = YES;
				GCC_WARN_ABOUT_RETURN_TYPE = YES_ERROR;
				GCC_WARN_UNDECLARED_SELECTOR = YES;
				GCC_WARN_UNINITIALIZED_AUTOS = YES_AGGRESSIVE;
				GCC_WARN_UNUSED_FUNCTION = YES;
				GCC_WARN_UNUSED_VARIABLE = YES;
				IPHONEOS_DEPLOYMENT_TARGET = 13.4;
				MTL_ENABLE_DEBUG_INFO = NO;
				MTL_FAST_MATH = YES;
				SDKROOT = iphoneos;
				SWIFT_COMPILATION_MODE = wholemodule;
				SWIFT_OPTIMIZATION_LEVEL = "-O";
				VALIDATE_PRODUCT = YES;
			};
			name = Release;
		};
		9D79D99B24B6810000F51EDC /* Debug */ = {
			isa = XCBuildConfiguration;
			buildSettings = {
				ASSETCATALOG_COMPILER_APPICON_NAME = AppIcon;
				CODE_SIGN_ENTITLEMENTS = SinglePhoto/SinglePhoto.entitlements;
				CODE_SIGN_STYLE = Automatic;
				DERIVE_MACCATALYST_PRODUCT_BUNDLE_IDENTIFIER = YES;
				DEVELOPMENT_ASSET_PATHS = "\"SinglePhoto/Preview Content\"";
				DEVELOPMENT_TEAM = 5ARMHHA9AX;
				"ENABLE_HARDENED_RUNTIME[sdk=macosx*]" = YES;
				ENABLE_PREVIEWS = YES;
				INFOPLIST_FILE = SinglePhoto/Info.plist;
				LD_RUNPATH_SEARCH_PATHS = (
					"$(inherited)",
					"@executable_path/Frameworks",
				);
				PRODUCT_BUNDLE_IDENTIFIER = com.abael.business.SinglePhoto;
				PRODUCT_NAME = "$(TARGET_NAME)";
				SUPPORTS_MACCATALYST = YES;
				SWIFT_VERSION = 5.0;
				TARGETED_DEVICE_FAMILY = "1,2";
				VALID_ARCHS = "arm64 arm64e armv7";
			};
			name = Debug;
		};
		9D79D99C24B6810000F51EDC /* Release */ = {
			isa = XCBuildConfiguration;
			buildSettings = {
				ASSETCATALOG_COMPILER_APPICON_NAME = AppIcon;
				CODE_SIGN_ENTITLEMENTS = SinglePhoto/SinglePhotoRelease.entitlements;
				CODE_SIGN_STYLE = Automatic;
				DERIVE_MACCATALYST_PRODUCT_BUNDLE_IDENTIFIER = YES;
				DEVELOPMENT_ASSET_PATHS = "\"SinglePhoto/Preview Content\"";
				DEVELOPMENT_TEAM = 5ARMHHA9AX;
				"ENABLE_HARDENED_RUNTIME[sdk=macosx*]" = YES;
				ENABLE_PREVIEWS = YES;
				INFOPLIST_FILE = SinglePhoto/Info.plist;
				LD_RUNPATH_SEARCH_PATHS = (
					"$(inherited)",
					"@executable_path/Frameworks",
				);
				PRODUCT_BUNDLE_IDENTIFIER = com.abael.business.SinglePhoto;
				PRODUCT_NAME = "$(TARGET_NAME)";
				SUPPORTS_MACCATALYST = YES;
				SWIFT_VERSION = 5.0;
				TARGETED_DEVICE_FAMILY = "1,2";
				VALID_ARCHS = "arm64 arm64e armv7";
			};
			name = Release;
		};
/* End XCBuildConfiguration section */

/* Begin XCConfigurationList section */
		9D79D98124B680FE00F51EDC /* Build configuration list for PBXProject "SinglePhoto" */ = {
			isa = XCConfigurationList;
			buildConfigurations = (
				9D79D99824B6810000F51EDC /* Debug */,
				9D79D99924B6810000F51EDC /* Release */,
			);
			defaultConfigurationIsVisible = 0;
			defaultConfigurationName = Release;
		};
		9D79D99A24B6810000F51EDC /* Build configuration list for PBXNativeTarget "SinglePhoto" */ = {
			isa = XCConfigurationList;
			buildConfigurations = (
				9D79D99B24B6810000F51EDC /* Debug */,
				9D79D99C24B6810000F51EDC /* Release */,
			);
			defaultConfigurationIsVisible = 0;
			defaultConfigurationName = Release;
		};
/* End XCConfigurationList section */
	};
	rootObject = 9D79D97E24B680FE00F51EDC /* Project object */;
}
